// !$*UTF8*$!
{
	archiveVersion = 1;
	classes = {
	};
	objectVersion = 77;
	objects = {

	/* Begin PBXBuildFile section */
			7814F1902E1C0950000995F8 /* AXorcist in Frameworks */ = {isa = PBXBuildFile; productRef = 7814F18F2E1C0950000995F8 /* AXorcist */; };
			782555022E1CA0ED00F1D8DF /* AXorcist in Frameworks */ = {isa = PBXBuildFile; productRef = 782555012E1CA0ED00F1D8DF /* AXorcist */; };
			782555052E1CA10900F1D8DF /* PeekabooCore in Frameworks */ = {isa = PBXBuildFile; productRef = 782555042E1CA10900F1D8DF /* PeekabooCore */; };
			78B1D0FA2F3A123400C0FFEE /* AppIntents.framework in Frameworks */ = {isa = PBXBuildFile; fileRef = 78B1D0F92F3A123400C0FFEE /* AppIntents.framework */; };
			78D4B0122F62000000A11CE0 /* Markdown in Frameworks */ = {isa = PBXBuildFile; productRef = 78D4B0112F62000000A11CE0 /* Markdown */; };
			78E542AD2E4178650006A8EF /* KeyboardShortcuts in Frameworks */ = {isa = PBXBuildFile; productRef = 78E542AC2E4178650006A8EF /* KeyboardShortcuts */; };
			78F8A0A12F0C0B3D00BEEF00 /* Sparkle in Frameworks */ = {isa = PBXBuildFile; productRef = 78F8A0A32F0C0B3D00BEEF00 /* Sparkle */; };
			78EA3D102E3B92AB000ADFA6 /* PeekabooUICore in Frameworks */ = {isa = PBXBuildFile; productRef = 78EA3D0F2E3B92AB000ADFA6 /* PeekabooUICore */; };
	/* End PBXBuildFile section */

	/* Begin PBXFileReference section */
			7814F1062E1BD4C8000995F8 /* Peekaboo.app */ = {isa = PBXFileReference; explicitFileType = wrapper.application; includeInIndex = 0; path = Peekaboo.app; sourceTree = BUILT_PRODUCTS_DIR; };
			78B1D0F92F3A123400C0FFEE /* AppIntents.framework */ = {isa = PBXFileReference; lastKnownFileType = wrapper.framework; name = AppIntents.framework; path = System/Library/Frameworks/AppIntents.framework; sourceTree = SDKROOT; };
	/* End PBXFileReference section */

/* Begin PBXFileSystemSynchronizedBuildFileExceptionSet section */
		78F8A0A42F0C0B3D00BEEF00 /* Exceptions for "Peekaboo" folder in "Peekaboo" target */ = {
			isa = PBXFileSystemSynchronizedBuildFileExceptionSet;
			membershipExceptions = (
				Info.plist,
			);
			target = 7814F1052E1BD4C8000995F8 /* Peekaboo */;
		};
/* End PBXFileSystemSynchronizedBuildFileExceptionSet section */

/* Begin PBXFileSystemSynchronizedRootGroup section */
		7814F1082E1BD4C8000995F8 /* Peekaboo */ = {
			isa = PBXFileSystemSynchronizedRootGroup;
			exceptions = (
				78F8A0A42F0C0B3D00BEEF00 /* Exceptions for "Peekaboo" folder in "Peekaboo" target */,
			);
			path = Peekaboo;
			sourceTree = "<group>";
		};
/* End PBXFileSystemSynchronizedRootGroup section */

	/* Begin PBXFrameworksBuildPhase section */
			7814F1032E1BD4C8000995F8 /* Frameworks */ = {
				isa = PBXFrameworksBuildPhase;
				buildActionMask = 2147483647;
				files = (
					7814F1902E1C0950000995F8 /* AXorcist in Frameworks */,
					782555022E1CA0ED00F1D8DF /* AXorcist in Frameworks */,
					78B1D0FA2F3A123400C0FFEE /* AppIntents.framework in Frameworks */,
					78E542AD2E4178650006A8EF /* KeyboardShortcuts in Frameworks */,
					78D4B0122F62000000A11CE0 /* Markdown in Frameworks */,
					78F8A0A12F0C0B3D00BEEF00 /* Sparkle in Frameworks */,
					782555052E1CA10900F1D8DF /* PeekabooCore in Frameworks */,
					78EA3D102E3B92AB000ADFA6 /* PeekabooUICore in Frameworks */,
				);
				runOnlyForDeploymentPostprocessing = 0;
			};
	/* End PBXFrameworksBuildPhase section */

/* Begin PBXGroup section */
		7814F0FD2E1BD4C8000995F8 = {
			isa = PBXGroup;
			children = (
				7814F1082E1BD4C8000995F8 /* Peekaboo */,
				78F4CC972EE0457200ACDAAA /* Frameworks */,
				7814F1072E1BD4C8000995F8 /* Products */,
			);
			sourceTree = "<group>";
		};
		7814F1072E1BD4C8000995F8 /* Products */ = {
			isa = PBXGroup;
			children = (
				7814F1062E1BD4C8000995F8 /* Peekaboo.app */,
			);
			name = Products;
			sourceTree = "<group>";
		};
			78F4CC972EE0457200ACDAAA /* Frameworks */ = {
				isa = PBXGroup;
				children = (
					78B1D0F92F3A123400C0FFEE /* AppIntents.framework */,
				);
				name = Frameworks;
				sourceTree = "<group>";
			};
	/* End PBXGroup section */

/* Begin PBXNativeTarget section */
		7814F1052E1BD4C8000995F8 /* Peekaboo */ = {
			isa = PBXNativeTarget;
			buildConfigurationList = 7814F1112E1BD4CA000995F8 /* Build configuration list for PBXNativeTarget "Peekaboo" */;
			buildPhases = (
				7814F1022E1BD4C8000995F8 /* Sources */,
				7814F1032E1BD4C8000995F8 /* Frameworks */,
				7814F1042E1BD4C8000995F8 /* Resources */,
			);
			buildRules = (
			);
			dependencies = (
			);
			fileSystemSynchronizedGroups = (
				7814F1082E1BD4C8000995F8 /* Peekaboo */,
			);
			name = Peekaboo;
			packageProductDependencies = (
				7814F18F2E1C0950000995F8 /* AXorcist */,
				782555012E1CA0ED00F1D8DF /* AXorcist */,
				782555042E1CA10900F1D8DF /* PeekabooCore */,
				78EA3D0F2E3B92AB000ADFA6 /* PeekabooUICore */,
				78E542AC2E4178650006A8EF /* KeyboardShortcuts */,
				78D4B0112F62000000A11CE0 /* Markdown */,
				78F8A0A32F0C0B3D00BEEF00 /* Sparkle */,
				78F4CC982EE0457200ACDAAA /* PeekabooBridge */,
			);
			productName = Peekaboo;
			productReference = 7814F1062E1BD4C8000995F8 /* Peekaboo.app */;
			productType = "com.apple.product-type.application";
		};
/* End PBXNativeTarget section */

/* Begin PBXProject section */
		7814F0FE2E1BD4C8000995F8 /* Project object */ = {
			isa = PBXProject;
			attributes = {
				BuildIndependentTargetsInParallel = 1;
				LastSwiftUpdateCheck = 2610;
				LastUpgradeCheck = 2600;
				TargetAttributes = {
					7814F1052E1BD4C8000995F8 = {
						CreatedOnToolsVersion = 26.0;
					};
				};
			};
			buildConfigurationList = 7814F1012E1BD4C8000995F8 /* Build configuration list for PBXProject "Peekaboo" */;
			developmentRegion = en;
			hasScannedForEncodings = 0;
			knownRegions = (
				en,
				Base,
			);
			mainGroup = 7814F0FD2E1BD4C8000995F8;
			minimizedProjectReferenceProxies = 1;
			packageReferences = (
				782555002E1CA0ED00F1D8DF /* XCLocalSwiftPackageReference "../../AXorcist" */,
				782555032E1CA10900F1D8DF /* XCLocalSwiftPackageReference "../../Core/PeekabooCore" */,
				78EA3D0E2E3B92AB000ADFA6 /* XCLocalSwiftPackageReference "../../Core/PeekabooUICore" */,
				78E542AB2E4178650006A8EF /* XCRemoteSwiftPackageReference "KeyboardShortcuts" */,
				78D4B0102F62000000A11CE0 /* XCRemoteSwiftPackageReference "swift-markdown" */,
				78F8A0A22F0C0B3D00BEEF00 /* XCRemoteSwiftPackageReference "Sparkle" */,
			);
			preferredProjectObjectVersion = 77;
			productRefGroup = 7814F1072E1BD4C8000995F8 /* Products */;
			projectDirPath = "";
			projectRoot = "";
			targets = (
				7814F1052E1BD4C8000995F8 /* Peekaboo */,
			);
		};
/* End PBXProject section */

/* Begin PBXResourcesBuildPhase section */
		7814F1042E1BD4C8000995F8 /* Resources */ = {
			isa = PBXResourcesBuildPhase;
			buildActionMask = 2147483647;
			files = (
			);
			runOnlyForDeploymentPostprocessing = 0;
		};
/* End PBXResourcesBuildPhase section */

/* Begin PBXSourcesBuildPhase section */
		7814F1022E1BD4C8000995F8 /* Sources */ = {
			isa = PBXSourcesBuildPhase;
			buildActionMask = 2147483647;
			files = (
			);
			runOnlyForDeploymentPostprocessing = 0;
		};
/* End PBXSourcesBuildPhase section */

/* Begin XCBuildConfiguration section */
		7814F10F2E1BD4CA000995F8 /* Debug */ = {
			isa = XCBuildConfiguration;
			buildSettings = {
				ALWAYS_SEARCH_USER_PATHS = NO;
				ASSETCATALOG_COMPILER_GENERATE_SWIFT_ASSET_SYMBOL_EXTENSIONS = YES;
				CLANG_ANALYZER_NONNULL = YES;
				CLANG_ANALYZER_NUMBER_OBJECT_CONVERSION = YES_AGGRESSIVE;
				CLANG_CXX_LANGUAGE_STANDARD = "gnu++20";
				CLANG_ENABLE_MODULES = YES;
				CLANG_ENABLE_OBJC_ARC = YES;
				CLANG_ENABLE_OBJC_WEAK = YES;
				CLANG_WARN_BLOCK_CAPTURE_AUTORELEASING = YES;
				CLANG_WARN_BOOL_CONVERSION = YES;
				CLANG_WARN_COMMA = YES;
				CLANG_WARN_CONSTANT_CONVERSION = YES;
				CLANG_WARN_DEPRECATED_OBJC_IMPLEMENTATIONS = YES;
				CLANG_WARN_DIRECT_OBJC_ISA_USAGE = YES_ERROR;
				CLANG_WARN_DOCUMENTATION_COMMENTS = YES;
				CLANG_WARN_EMPTY_BODY = YES;
				CLANG_WARN_ENUM_CONVERSION = YES;
				CLANG_WARN_INFINITE_RECURSION = YES;
				CLANG_WARN_INT_CONVERSION = YES;
				CLANG_WARN_NON_LITERAL_NULL_CONVERSION = YES;
				CLANG_WARN_OBJC_IMPLICIT_RETAIN_SELF = YES;
				CLANG_WARN_OBJC_LITERAL_CONVERSION = YES;
				CLANG_WARN_OBJC_ROOT_CLASS = YES_ERROR;
				CLANG_WARN_QUOTED_INCLUDE_IN_FRAMEWORK_HEADER = YES;
				CLANG_WARN_RANGE_LOOP_ANALYSIS = YES;
				CLANG_WARN_STRICT_PROTOTYPES = YES;
				CLANG_WARN_SUSPICIOUS_MOVE = YES;
				CLANG_WARN_UNGUARDED_AVAILABILITY = YES_AGGRESSIVE;
				CLANG_WARN_UNREACHABLE_CODE = YES;
				CLANG_WARN__DUPLICATE_METHOD_MATCH = YES;
				COPY_PHASE_STRIP = NO;
				DEAD_CODE_STRIPPING = YES;
				DEBUG_INFORMATION_FORMAT = dwarf;
				DEVELOPMENT_TEAM = FWJYW4S8P8;
				ENABLE_STRICT_OBJC_MSGSEND = YES;
				ENABLE_TESTABILITY = YES;
				ENABLE_USER_SCRIPT_SANDBOXING = YES;
				GCC_C_LANGUAGE_STANDARD = gnu17;
				GCC_DYNAMIC_NO_PIC = NO;
				GCC_NO_COMMON_BLOCKS = YES;
				GCC_OPTIMIZATION_LEVEL = 0;
				GCC_PREPROCESSOR_DEFINITIONS = (
					"DEBUG=1",
					"$(inherited)",
				);
				GCC_WARN_64_TO_32_BIT_CONVERSION = YES;
				GCC_WARN_ABOUT_RETURN_TYPE = YES_ERROR;
				GCC_WARN_UNDECLARED_SELECTOR = YES;
				GCC_WARN_UNINITIALIZED_AUTOS = YES_AGGRESSIVE;
				GCC_WARN_UNUSED_FUNCTION = YES;
				GCC_WARN_UNUSED_VARIABLE = YES;
				LOCALIZATION_PREFERS_STRING_CATALOGS = YES;
				MTL_ENABLE_DEBUG_INFO = INCLUDE_SOURCE;
				MTL_FAST_MATH = YES;
				ONLY_ACTIVE_ARCH = YES;
				STRING_CATALOG_GENERATE_SYMBOLS = YES;
				SWIFT_ACTIVE_COMPILATION_CONDITIONS = "DEBUG $(inherited)";
				SWIFT_OPTIMIZATION_LEVEL = "-Onone";
			};
			name = Debug;
		};
		7814F1102E1BD4CA000995F8 /* Release */ = {
			isa = XCBuildConfiguration;
			buildSettings = {
				ALWAYS_SEARCH_USER_PATHS = NO;
				ASSETCATALOG_COMPILER_GENERATE_SWIFT_ASSET_SYMBOL_EXTENSIONS = YES;
				CLANG_ANALYZER_NONNULL = YES;
				CLANG_ANALYZER_NUMBER_OBJECT_CONVERSION = YES_AGGRESSIVE;
				CLANG_CXX_LANGUAGE_STANDARD = "gnu++20";
				CLANG_ENABLE_MODULES = YES;
				CLANG_ENABLE_OBJC_ARC = YES;
				CLANG_ENABLE_OBJC_WEAK = YES;
				CLANG_WARN_BLOCK_CAPTURE_AUTORELEASING = YES;
				CLANG_WARN_BOOL_CONVERSION = YES;
				CLANG_WARN_COMMA = YES;
				CLANG_WARN_CONSTANT_CONVERSION = YES;
				CLANG_WARN_DEPRECATED_OBJC_IMPLEMENTATIONS = YES;
				CLANG_WARN_DIRECT_OBJC_ISA_USAGE = YES_ERROR;
				CLANG_WARN_DOCUMENTATION_COMMENTS = YES;
				CLANG_WARN_EMPTY_BODY = YES;
				CLANG_WARN_ENUM_CONVERSION = YES;
				CLANG_WARN_INFINITE_RECURSION = YES;
				CLANG_WARN_INT_CONVERSION = YES;
				CLANG_WARN_NON_LITERAL_NULL_CONVERSION = YES;
				CLANG_WARN_OBJC_IMPLICIT_RETAIN_SELF = YES;
				CLANG_WARN_OBJC_LITERAL_CONVERSION = YES;
				CLANG_WARN_OBJC_ROOT_CLASS = YES_ERROR;
				CLANG_WARN_QUOTED_INCLUDE_IN_FRAMEWORK_HEADER = YES;
				CLANG_WARN_RANGE_LOOP_ANALYSIS = YES;
				CLANG_WARN_STRICT_PROTOTYPES = YES;
				CLANG_WARN_SUSPICIOUS_MOVE = YES;
				CLANG_WARN_UNGUARDED_AVAILABILITY = YES_AGGRESSIVE;
				CLANG_WARN_UNREACHABLE_CODE = YES;
				CLANG_WARN__DUPLICATE_METHOD_MATCH = YES;
				COPY_PHASE_STRIP = NO;
				DEAD_CODE_STRIPPING = YES;
				DEBUG_INFORMATION_FORMAT = "dwarf-with-dsym";
				DEVELOPMENT_TEAM = FWJYW4S8P8;
				ENABLE_NS_ASSERTIONS = NO;
				ENABLE_STRICT_OBJC_MSGSEND = YES;
				ENABLE_USER_SCRIPT_SANDBOXING = YES;
				GCC_C_LANGUAGE_STANDARD = gnu17;
				GCC_NO_COMMON_BLOCKS = YES;
				GCC_WARN_64_TO_32_BIT_CONVERSION = YES;
				GCC_WARN_ABOUT_RETURN_TYPE = YES_ERROR;
				GCC_WARN_UNDECLARED_SELECTOR = YES;
				GCC_WARN_UNINITIALIZED_AUTOS = YES_AGGRESSIVE;
				GCC_WARN_UNUSED_FUNCTION = YES;
				GCC_WARN_UNUSED_VARIABLE = YES;
				LOCALIZATION_PREFERS_STRING_CATALOGS = YES;
				MTL_ENABLE_DEBUG_INFO = NO;
				MTL_FAST_MATH = YES;
				STRING_CATALOG_GENERATE_SYMBOLS = YES;
				SWIFT_COMPILATION_MODE = wholemodule;
			};
			name = Release;
		};
		7814F1122E1BD4CA000995F8 /* Debug */ = {
			isa = XCBuildConfiguration;
			buildSettings = {
				ASSETCATALOG_COMPILER_APPICON_NAME = AppIcon;
				ASSETCATALOG_COMPILER_GLOBAL_ACCENT_COLOR_NAME = AccentColor;
				CODE_SIGN_ENTITLEMENTS = Peekaboo/Peekaboo.entitlements;
				CODE_SIGN_STYLE = Automatic;
				CURRENT_PROJECT_VERSION = 1;
				DEAD_CODE_STRIPPING = YES;
				DEVELOPMENT_TEAM = FWJYW4S8P8;
				ENABLE_APP_SANDBOX = NO;
				ENABLE_HARDENED_RUNTIME = YES;
				ENABLE_PREVIEWS = YES;
				ENABLE_USER_SELECTED_FILES = readonly;
				GENERATE_INFOPLIST_FILE = NO;
				INFOPLIST_FILE = Peekaboo/Info.plist;
				IPHONEOS_DEPLOYMENT_TARGET = 26.0;
				LD_RUNPATH_SEARCH_PATHS = "@executable_path/Frameworks";
				"LD_RUNPATH_SEARCH_PATHS[sdk=macosx*]" = "@executable_path/../Frameworks";
				MACOSX_DEPLOYMENT_TARGET = 15.0;
				MARKETING_VERSION = 4.2.3;
				PEEKABOO_SOURCE_COMMIT = unknown;
				PRODUCT_BUNDLE_IDENTIFIER = boo.peekaboo.mac.debug;
				PRODUCT_NAME = "$(TARGET_NAME)";
				REGISTER_APP_GROUPS = YES;
				SDKROOT = auto;
				STRING_CATALOG_GENERATE_SYMBOLS = YES;
				SUPPORTED_PLATFORMS = macosx;
				SUPPORTS_MACCATALYST = NO;
				SWIFT_DEFAULT_ACTOR_ISOLATION = MainActor;
				SWIFT_ACTIVE_COMPILATION_CONDITIONS = "ENABLE_SPARKLE $(inherited)";
				SWIFT_EMIT_LOC_STRINGS = YES;
				SWIFT_ENABLE_EXPERIMENTAL_FEATURES = StrictConcurrency;
				SWIFT_ENABLE_UPCOMING_FEATURES = "ExistentialAny NonisolatedNonsendingByDefault";
				SWIFT_STRICT_CONCURRENCY = complete;
				SWIFT_UPCOMING_FEATURE_MEMBER_IMPORT_VISIBILITY = YES;
				SWIFT_VERSION = 6.0;
				XROS_DEPLOYMENT_TARGET = 26.0;
			};
			name = Debug;
		};
		7814F1132E1BD4CA000995F8 /* Release */ = {
			isa = XCBuildConfiguration;
			buildSettings = {
				ASSETCATALOG_COMPILER_APPICON_NAME = AppIcon;
				ASSETCATALOG_COMPILER_GLOBAL_ACCENT_COLOR_NAME = AccentColor;
				CODE_SIGN_ENTITLEMENTS = Peekaboo/Peekaboo.entitlements;
				CODE_SIGN_STYLE = Automatic;
				CURRENT_PROJECT_VERSION = 1;
				DEAD_CODE_STRIPPING = YES;
				DEVELOPMENT_TEAM = FWJYW4S8P8;
				ENABLE_APP_SANDBOX = NO;
				ENABLE_HARDENED_RUNTIME = YES;
				ENABLE_PREVIEWS = YES;
				ENABLE_USER_SELECTED_FILES = readonly;
				GENERATE_INFOPLIST_FILE = NO;
				INFOPLIST_FILE = Peekaboo/Info.plist;
				IPHONEOS_DEPLOYMENT_TARGET = 26.0;
				LD_RUNPATH_SEARCH_PATHS = "@executable_path/Frameworks";
				"LD_RUNPATH_SEARCH_PATHS[sdk=macosx*]" = "@executable_path/../Frameworks";
				MACOSX_DEPLOYMENT_TARGET = 15.0;
				MARKETING_VERSION = 4.2.3;
				PEEKABOO_SOURCE_COMMIT = unknown;
				PRODUCT_BUNDLE_IDENTIFIER = boo.peekaboo.mac;
				PRODUCT_NAME = "$(TARGET_NAME)";
				REGISTER_APP_GROUPS = YES;
				SDKROOT = auto;
				STRING_CATALOG_GENERATE_SYMBOLS = YES;
				SUPPORTED_PLATFORMS = macosx;
				SUPPORTS_MACCATALYST = NO;
				SWIFT_ACTIVE_COMPILATION_CONDITIONS = "ENABLE_SPARKLE $(inherited)";
				SWIFT_DEFAULT_ACTOR_ISOLATION = MainActor;
				SWIFT_EMIT_LOC_STRINGS = YES;
				SWIFT_ENABLE_EXPERIMENTAL_FEATURES = StrictConcurrency;
				SWIFT_ENABLE_UPCOMING_FEATURES = "ExistentialAny NonisolatedNonsendingByDefault";
				SWIFT_STRICT_CONCURRENCY = complete;
				SWIFT_UPCOMING_FEATURE_MEMBER_IMPORT_VISIBILITY = YES;
				SWIFT_VERSION = 6.0;
				XROS_DEPLOYMENT_TARGET = 26.0;
			};
			name = Release;
		};
/* End XCBuildConfiguration section */

/* Begin XCConfigurationList section */
		7814F1012E1BD4C8000995F8 /* Build configuration list for PBXProject "Peekaboo" */ = {
			isa = XCConfigurationList;
			buildConfigurations = (
				7814F10F2E1BD4CA000995F8 /* Debug */,
				7814F1102E1BD4CA000995F8 /* Release */,
			);
			defaultConfigurationIsVisible = 0;
			defaultConfigurationName = Release;
		};
		7814F1112E1BD4CA000995F8 /* Build configuration list for PBXNativeTarget "Peekaboo" */ = {
			isa = XCConfigurationList;
			buildConfigurations = (
				7814F1122E1BD4CA000995F8 /* Debug */,
				7814F1132E1BD4CA000995F8 /* Release */,
			);
			defaultConfigurationIsVisible = 0;
			defaultConfigurationName = Release;
		};
/* End XCConfigurationList section */

/* Begin XCLocalSwiftPackageReference section */
		782555002E1CA0ED00F1D8DF /* XCLocalSwiftPackageReference "../../AXorcist" */ = {
			isa = XCLocalSwiftPackageReference;
			relativePath = ../../AXorcist;
		};
		782555032E1CA10900F1D8DF /* XCLocalSwiftPackageReference "../../Core/PeekabooCore" */ = {
			isa = XCLocalSwiftPackageReference;
			relativePath = ../../Core/PeekabooCore;
		};
		78EA3D0E2E3B92AB000ADFA6 /* XCLocalSwiftPackageReference "../../Core/PeekabooUICore" */ = {
			isa = XCLocalSwiftPackageReference;
			relativePath = ../../Core/PeekabooUICore;
		};
/* End XCLocalSwiftPackageReference section */

/* Begin XCRemoteSwiftPackageReference section */
		78E542AB2E4178650006A8EF /* XCRemoteSwiftPackageReference "KeyboardShortcuts" */ = {
			isa = XCRemoteSwiftPackageReference;
			repositoryURL = "https://github.com/sindresorhus/KeyboardShortcuts";
			requirement = {
				kind = upToNextMajorVersion;
				minimumVersion = 3.0.1;
			};
		};
		78D4B0102F62000000A11CE0 /* XCRemoteSwiftPackageReference "swift-markdown" */ = {
			isa = XCRemoteSwiftPackageReference;
			repositoryURL = "https://github.com/apple/swift-markdown";
			requirement = {
				kind = upToNextMajorVersion;
				minimumVersion = 0.7.3;
			};
		};
		78F8A0A22F0C0B3D00BEEF00 /* XCRemoteSwiftPackageReference "Sparkle" */ = {
			isa = XCRemoteSwiftPackageReference;
			repositoryURL = "https://github.com/sparkle-project/Sparkle";
			requirement = {
				kind = upToNextMajorVersion;
				minimumVersion = 2.8.1;
			};
		};
/* End XCRemoteSwiftPackageReference section */

/* Begin XCSwiftPackageProductDependency section */
		7814F18F2E1C0950000995F8 /* AXorcist */ = {
			isa = XCSwiftPackageProductDependency;
			productName = AXorcist;
		};
		782555012E1CA0ED00F1D8DF /* AXorcist */ = {
			isa = XCSwiftPackageProductDependency;
			productName = AXorcist;
		};
		782555042E1CA10900F1D8DF /* PeekabooCore */ = {
			isa = XCSwiftPackageProductDependency;
			productName = PeekabooCore;
		};
		78E542AC2E4178650006A8EF /* KeyboardShortcuts */ = {
			isa = XCSwiftPackageProductDependency;
			package = 78E542AB2E4178650006A8EF /* XCRemoteSwiftPackageReference "KeyboardShortcuts" */;
			productName = KeyboardShortcuts;
		};
		78D4B0112F62000000A11CE0 /* Markdown */ = {
			isa = XCSwiftPackageProductDependency;
			package = 78D4B0102F62000000A11CE0 /* XCRemoteSwiftPackageReference "swift-markdown" */;
			productName = Markdown;
		};
		78F8A0A32F0C0B3D00BEEF00 /* Sparkle */ = {
			isa = XCSwiftPackageProductDependency;
			package = 78F8A0A22F0C0B3D00BEEF00 /* XCRemoteSwiftPackageReference "Sparkle" */;
			productName = Sparkle;
		};
		78EA3D0F2E3B92AB000ADFA6 /* PeekabooUICore */ = {
			isa = XCSwiftPackageProductDependency;
			productName = PeekabooUICore;
		};
		78F4CC982EE0457200ACDAAA /* PeekabooBridge */ = {
			isa = XCSwiftPackageProductDependency;
			package = 782555032E1CA10900F1D8DF /* XCLocalSwiftPackageReference "../../Core/PeekabooCore" */;
			productName = PeekabooBridge;
		};
/* End XCSwiftPackageProductDependency section */
	};
	rootObject = 7814F0FE2E1BD4C8000995F8 /* Project object */;
}
